<?xml version="1.0" encoding="utf-8"?>
<Project ToolsVersion="4.0" xmlns="http://schemas.microsoft.com/developer/msbuild/2003">
  <ItemGroup>
    <Filter Include="Source Files">
      <UniqueIdentifier>{4FC737F1-C7A5-4376-A066-2A32D752A2FF}</UniqueIdentifier>
      <Extensions>cpp;c;cc;cxx;def;odl;idl;hpj;bat;asm;asmx</Extensions>
    </Filter>
    <Filter Include="Header Files">
      <UniqueIdentifier>{93995380-89BD-4b04-88EB-625FBE52EBFB}</UniqueIdentifier>
      <Extensions>h;hh;hpp;hxx;hm;inl;inc;xsd</Extensions>
    </Filter>
    <Filter Include="Resource Files">
      <UniqueIdentifier>{67DA6AB6-F800-4c08-8B7A-83BB121AAD01}</UniqueIdentifier>
      <Extensions>rc;ico;cur;bmp;dlg;rc2;rct;bin;rgs;gif;jpg;jpeg;jpe;resx;tiff;tif;png;wav;mfcribbon-ms</Extensions>
    </Filter>
  </ItemGroup>
  <ItemGroup>
    <Text Include="ReadMe.txt" />
  </ItemGroup>
  <ItemGroup>
    <ClCompile Include="source\glm.cpp">
      <Filter>Source Files</Filter>
    </ClCompile>
    <ClCompile Include="source\glmimg.cpp">
      <Filter>Source Files</Filter>
    </ClCompile>
    <ClCompile Include="source\OpenGL_SINTEL.cpp">
      <Filter>Source Files</Filter>
    </ClCompile>
    <ClCompile Include="source\cTexture.cpp">
      <Filter>Source Files</Filter>
    </ClCompile>
  </ItemGroup>
  <ItemGroup>
    <Image Include="assets\leather_06_diff.tga">
      <Filter>Resource Files</Filter>
    </Image>
    <Image Include="assets\sintel_boots.tga">
      <Filter>Resource Files</Filter>
    </Image>
    <Image Include="assets\sintel_eyeball_bmp.tga">
      <Filter>Resource Files</Filter>
    </Image>
    <Image Include="assets\sintel_eyeball_diff.tga">
      <Filter>Resource Files</Filter>
    </Image>
    <Image Include="assets\sintel_eyes.tga">
      <Filter>Resource Files</Filter>
    </Image>
    <Image Include="assets\sintel_eyes2.tga">
      <Filter>Resource Files</Filter>
    </Image>
    <Image Include="assets\sintel_hair.tga">
      <Filter>Resource Files</Filter>
    </Image>
    <Image Include="assets\sintel_hair_diff.tga">
      <Filter>Resource Files</Filter>
    </Image>
    <Image Include="assets\sintel_pants.tga">
      <Filter>Resource Files</Filter>
    </Image>
    <Image Include="assets\sintel_skin_diff.tga">
      <Filter>Resource Files</Filter>
    </Image>
    <Image Include="assets\sintel_sweater_painted.tga">
      <Filter>Resource Files</Filter>
    </Image>
    <Image Include="assets\sintel_teeth_diff.tga">
      <Filter>Resource Files</Filter>
    </Image>
  </ItemGroup>
  <ItemGroup>
    <None Include="assets\Sintel_Lite_257b.mtl">
      <Filter>Resource Files</Filter>
    </None>
  </ItemGroup>
  <ItemGroup>
    <ClInclude Include="header\cTexture.h">
      <Filter>Header Files</Filter>
    </ClInclude>
    <ClInclude Include="header\glm.h">
      <Filter>Header Files</Filter>
    </ClInclude>
  </ItemGroup>
  <ItemGroup>
    <Object Include="assets\Sintel_Lite_257b.obj">
      <Filter>Resource Files</Filter>
    </Object>
  </ItemGroup>
</Project>